
Microsoft Visual Studio Solution File, Format Version 12.00
Project("{FAE04EC0-301F-11D3-BF4B-00C04F79EFBC}") = "BarbellWeightCalculator", "BarbellWeightCalculator\BarbellWeightCalculator.csproj", "{4C6684CC-D91B-4D21-BE56-1F42E59D5B6F}"
EndProject
Project("{FAE04EC0-301F-11D3-BF4B-00C04F79EFBC}") = "BarbellWeightCalculator.Tests", "BarbellWeightCalculator.Tests\BarbellWeightCalculator.Tests.csproj", "{C7699E0B-5935-4732-9FFB-7052F867B111}"
EndProject
Global
	GlobalSection(SolutionConfigurationPlatforms) = preSolution
		Debug|Any CPU = Debug|Any CPU
		Release|Any CPU = Release|Any CPU
	EndGlobalSection
	GlobalSection(ProjectConfigurationPlatforms) = postSolution
		{4C6684CC-D91B-4D21-BE56-1F42E59D5B6F}.Debug|Any CPU.ActiveCfg = Debug|Any CPU
		{4C6684CC-D91B-4D21-BE56-1F42E59D5B6F}.Debug|Any CPU.Build.0 = Debug|Any CPU
		{4C6684CC-D91B-4D21-BE56-1F42E59D5B6F}.Release|Any CPU.ActiveCfg = Release|Any CPU
		{4C6684CC-D91B-4D21-BE56-1F42E59D5B6F}.Release|Any CPU.Build.0 = Release|Any CPU
		{C7699E0B-5935-4732-9FFB-7052F867B111}.Debug|Any CPU.ActiveCfg = Debug|Any CPU
		{C7699E0B-5935-4732-9FFB-7052F867B111}.Debug|Any CPU.Build.0 = Debug|Any CPU
		{C7699E0B-5935-4732-9FFB-7052F867B111}.Release|Any CPU.ActiveCfg = Release|Any CPU
		{C7699E0B-5935-4732-9FFB-7052F867B111}.Release|Any CPU.Build.0 = Release|Any CPU
	EndGlobalSection
EndGlobal
